<?xml version="1.0" encoding="utf-8"?>
<Project ToolsVersion="4.0" xmlns="http://schemas.microsoft.com/developer/msbuild/2003">
  <ItemGroup>
    <Filter Include="Archivos de origen">
      <UniqueIdentifier>{4FC737F1-C7A5-4376-A066-2A32D752A2FF}</UniqueIdentifier>
      <Extensions>cpp;c;cc;cxx;c++;cppm;ixx;def;odl;idl;hpj;bat;asm;asmx</Extensions>
    </Filter>
    <Filter Include="Archivos de encabezado">
      <UniqueIdentifier>{93995380-89BD-4b04-88EB-625FBE52EBFB}</UniqueIdentifier>
      <Extensions>h;hh;hpp;hxx;h++;hm;inl;inc;ipp;xsd</Extensions>
    </Filter>
    <Filter Include="Archivos de recursos">
      <UniqueIdentifier>{67DA6AB6-F800-4c08-8B7A-83BB121AAD01}</UniqueIdentifier>
      <Extensions>rc;ico;cur;bmp;dlg;rc2;rct;bin;rgs;gif;jpg;jpeg;jpe;resx;tiff;tif;png;wav;mfcribbon-ms</Extensions>
    </Filter>
    <Filter Include="Archivos de origen\Scenes">
      <UniqueIdentifier>{66c6301f-3960-4b83-8cca-9fb3e47b7a1a}</UniqueIdentifier>
    </Filter>
    <Filter Include="Archivos de origen\Entities">
      <UniqueIdentifier>{fd2eb9f7-a04a-4681-b739-754f79ba5e32}</UniqueIdentifier>
    </Filter>
    <Filter Include="Archivos de origen\UI">
      <UniqueIdentifier>{6be89932-59bf-4fb6-a1da-ebd0cb3e5eb9}</UniqueIdentifier>
    </Filter>
    <Filter Include="Archivos de encabezado\Scenes">
      <UniqueIdentifier>{289fa035-d530-4c75-8741-4e1a769b6a25}</UniqueIdentifier>
    </Filter>
    <Filter Include="Archivos de encabezado\Entities">
      <UniqueIdentifier>{48171c07-61b6-4d4d-a38e-44d92bd09c35}</UniqueIdentifier>
    </Filter>
    <Filter Include="Archivos de encabezado\UI">
      <UniqueIdentifier>{8f3f0455-8c0b-42e3-acfb-31977718d3d2}</UniqueIdentifier>
    </Filter>
    <Filter Include="Archivos de encabezado\Utilities">
      <UniqueIdentifier>{f1d2d480-4bfa-4b13-a1cf-7021006dab72}</UniqueIdentifier>
    </Filter>
    <Filter Include="Archivos de origen\Utilitites">
      <UniqueIdentifier>{c38d8dd7-726b-492f-a986-7faaabc50f34}</UniqueIdentifier>
    </Filter>
  </ItemGroup>
  <ItemGroup>
    <ClCompile Include="src\main.cpp">
      <Filter>Archivos de origen</Filter>
    </ClCompile>
    <ClCompile Include="src\GameLoop.cpp">
      <Filter>Archivos de origen</Filter>
    </ClCompile>
    <ClCompile Include="src\scenes\SceneMenu.cpp">
      <Filter>Archivos de origen\Scenes</Filter>
    </ClCompile>
    <ClCompile Include="src\scenes\SceneGamePlay.cpp">
      <Filter>Archivos de origen\Scenes</Filter>
    </ClCompile>
    <ClCompile Include="src\scenes\SceneCredits.cpp">
      <Filter>Archivos de origen\Scenes</Filter>
    </ClCompile>
    <ClCompile Include="src\scenes\SceneControls.cpp">
      <Filter>Archivos de origen\Scenes</Filter>
    </ClCompile>
    <ClCompile Include="src\entities\Ball.cpp">
      <Filter>Archivos de origen\Entities</Filter>
    </ClCompile>
    <ClCompile Include="src\entities\Pallette.cpp">
      <Filter>Archivos de origen\Entities</Filter>
    </ClCompile>
    <ClCompile Include="src\entities\Player.cpp">
      <Filter>Archivos de origen\Entities</Filter>
    </ClCompile>
    <ClCompile Include="src\ui\Panel.cpp">
      <Filter>Archivos de origen\UI</Filter>
    </ClCompile>
    <ClCompile Include="src\ui\Text.cpp">
      <Filter>Archivos de origen\UI</Filter>
    </ClCompile>
    <ClCompile Include="src\ui\Button.cpp">
      <Filter>Archivos de origen\UI</Filter>
    </ClCompile>
    <ClCompile Include="src\utilities\Input.cpp">
      <Filter>Archivos de origen\Utilitites</Filter>
    </ClCompile>
    <ClCompile Include="src\utilities\Utils.cpp">
      <Filter>Archivos de origen\Utilitites</Filter>
    </ClCompile>
    <ClCompile Include="src\utilities\HealthSystem.cpp">
      <Filter>Archivos de origen\Utilitites</Filter>
    </ClCompile>
    <ClCompile Include="src\utilities\Color.cpp">
      <Filter>Archivos de origen\Utilitites</Filter>
    </ClCompile>
    <ClCompile Include="src\utilities\Brick.cpp">
      <Filter>Archivos de origen\Entities</Filter>
    </ClCompile>
    <ClCompile Include="src\entities\PowerUp.cpp">
      <Filter>Archivos de origen\Entities</Filter>
    </ClCompile>
  </ItemGroup>
  <ItemGroup>
    <ClInclude Include="src\GameLoop.h">
      <Filter>Archivos de encabezado</Filter>
    </ClInclude>
    <ClInclude Include="src\scenes\SceneMenu.h">
      <Filter>Archivos de encabezado\Scenes</Filter>
    </ClInclude>
    <ClInclude Include="src\scenes\SceneControls.h">
      <Filter>Archivos de encabezado\Scenes</Filter>
    </ClInclude>
    <ClInclude Include="src\scenes\SceneCredits.h">
      <Filter>Archivos de encabezado\Scenes</Filter>
    </ClInclude>
    <ClInclude Include="src\scenes\SceneGamePlay.h">
      <Filter>Archivos de encabezado\Scenes</Filter>
    </ClInclude>
    <ClInclude Include="src\entities\Ball.h">
      <Filter>Archivos de encabezado\Entities</Filter>
    </ClInclude>
    <ClInclude Include="src\entities\Pallette.h">
      <Filter>Archivos de encabezado\Entities</Filter>
    </ClInclude>
    <ClInclude Include="src\entities\Player.h">
      <Filter>Archivos de encabezado\Entities</Filter>
    </ClInclude>
    <ClInclude Include="src\ui\Button.h">
      <Filter>Archivos de encabezado\UI</Filter>
    </ClInclude>
    <ClInclude Include="src\ui\Text.h">
      <Filter>Archivos de encabezado\UI</Filter>
    </ClInclude>
    <ClInclude Include="src\ui\Panel.h">
      <Filter>Archivos de encabezado\UI</Filter>
    </ClInclude>
    <ClInclude Include="src\utilities\Utils.h">
      <Filter>Archivos de encabezado\Utilities</Filter>
    </ClInclude>
    <ClInclude Include="src\utilities\Vector2.h">
      <Filter>Archivos de encabezado\Utilities</Filter>
    </ClInclude>
    <ClInclude Include="src\utilities\Input.h">
      <Filter>Archivos de encabezado\Utilities</Filter>
    </ClInclude>
    <ClInclude Include="src\utilities\Rectangle.h">
      <Filter>Archivos de encabezado\Utilities</Filter>
    </ClInclude>
    <ClInclude Include="src\utilities\HealthSystem.h">
      <Filter>Archivos de encabezado\Utilities</Filter>
    </ClInclude>
    <ClInclude Include="src\utilities\Constants.h">
      <Filter>Archivos de encabezado\Utilities</Filter>
    </ClInclude>
    <ClInclude Include="src\utilities\Color.h">
      <Filter>Archivos de encabezado\Utilities</Filter>
    </ClInclude>
    <ClInclude Include="src\utilities\Circle.h">
      <Filter>Archivos de encabezado\Utilities</Filter>
    </ClInclude>
    <ClInclude Include="src\utilities\Brick.h">
      <Filter>Archivos de encabezado\Entities</Filter>
    </ClInclude>
    <ClInclude Include="src\entities\PowerUP.h">
      <Filter>Archivos de encabezado\Entities</Filter>
    </ClInclude>
  </ItemGroup>
</Project>